================================================================================
ENV.lock - Complete Environment Specification
QCAL ∞³ Ecosystem - P-NP Repository
================================================================================

Generated: 2026-01-18 06:05:43 UTC
Purpose: Garantiza reproducibilidad bit a bit de resultados
         para validación externa y auditoría científica

================================================================================
SECTION 1: SYSTEM AND OPERATING ENVIRONMENT
================================================================================

Operating System: Ubuntu 24.04.3 LTS
OS Version: 24.04
Kernel: 6.11.0-1018-azure
Architecture: x86_64

================================================================================
SECTION 2: TOOLCHAIN VERSIONS
================================================================================

Python: Python 3.12.3
Pip: pip 24.0 from /usr/lib/python3/dist-packages/pip (python 3.12)

GCC: gcc (Ubuntu 13.3.0-6ubuntu2~24.04) 13.3.0
G++: g++ (Ubuntu 13.3.0-6ubuntu2~24.04) 13.3.0

Lean 4: Not installed (expected version from lean-toolchain: leanprover/lean4:v4.20.0)
  Note: Install with: curl https://raw.githubusercontent.com/leanprover/elan/master/elan-init.sh -sSf | sh
Lean Toolchain (lean-toolchain file): leanprover/lean4:v4.20.0

Git: git version 2.52.0

================================================================================
SECTION 3: REPOSITORY STATE
================================================================================

Git Commit (HEAD): 427788585961471a552a33b9302d546908286304
Git Branch: copilot/add-environment-locking-feature
Git Remote: https://github.com/motanova84/P-NP

================================================================================
SECTION 4: PYTHON DEPENDENCIES
================================================================================

Python packages installed (pip freeze):

  argcomplete==3.6.3
  attrs==23.2.0
  Automat==22.10.0
  Babel==2.10.3
  bcc==0.29.1
  bcrypt==3.2.2
  blinker==1.7.0
  boto3==1.34.46
  botocore==1.34.46
  certifi==2023.11.17
  chardet==5.2.0
  click==8.1.6
  cloud-init==25.1.4
  colorama==0.4.6
  command-not-found==0.3
  configobj==5.0.8
  constantly==23.10.4
  cryptography==41.0.7
  dbus-python==1.3.2
  distro==1.9.0
  distro-info==1.7+build1
  httplib2==0.20.4
  hyperlink==21.0.0
  idna==3.6
  incremental==22.10.0
  Jinja2==3.1.2
  jmespath==1.0.1
  jsonpatch==1.32
  jsonpointer==2.0
  jsonschema==4.10.3
  launchpadlib==1.11.0
  lazr.restfulclient==0.14.6
  lazr.uri==1.0.6
  markdown-it-py==3.0.0
  MarkupSafe==2.1.5
  mdurl==0.1.2
  mercurial==6.7.2
  netaddr==0.8.0
  netifaces==0.11.0
  oauthlib==3.2.2
  packaging==24.0
  pexpect==4.9.0
  pipx==1.8.0
  platformdirs==4.5.1
  ptyprocess==0.7.0
  pyasn1==0.4.8
  pyasn1-modules==0.2.8
  Pygments==2.17.2
  PyGObject==3.48.2
  PyHamcrest==2.1.0
  PyJWT==2.7.0
  pyOpenSSL==23.2.0
  pyparsing==3.1.1
  pyparted==3.12.0
  pyrsistent==0.20.0
  pyserial==3.5
  python-apt==2.7.7+ubuntu5
  python-dateutil==2.8.2
  python-debian==0.1.49+ubuntu2
  python-magic==0.4.27
  pytz==2024.1
  PyYAML==6.0.1
  requests==2.31.0
  rich==13.7.1
  s3transfer==0.10.1
  service-identity==24.1.0
  setuptools==68.1.2
  six==1.16.0
  sos==4.8.2
  ssh-import-id==5.11
  systemd-python==235
  Twisted==24.3.0
  typing_extensions==4.10.0
  ubuntu-pro-client==8001
  ufw==0.36.2
  urllib3==2.0.7
  userpath==1.9.2
  wadllib==1.3.6
  WALinuxAgent==2.11.1.4
  wheel==0.42.0
  zope.interface==6.1
  zstandard==0.22.0

SHA256 checksum of pip freeze output: e9b59f27a08f7cb241aefda7198fee6a9b877b2f745296562db14178c417b257

================================================================================
SECTION 5: LEAN 4 DEPENDENCIES
================================================================================

Lakefile configuration:

  require mathlib from git
  "https://github.com/leanprover-community/mathlib4" @ "v4.20.0"
  @[default_target]

Lakefile SHA256: 93bd1df54efe3478ab589baa27b86bb6375d85a938d98ff80b1814e87e9c1cac

================================================================================
SECTION 6: CONFIGURATION FILES AND DATASETS
================================================================================

Critical configuration files:

  coherence_map.json:
    SHA256: 24304f00917e4d383a900e62996be67563443de89fa1bf809cc59bb459cf5c51
    Size: 754 bytes
    Keys: system, version, frequency, axioms, nodes

  CORE_SYMBIO.json:
    SHA256: 84fb80fa85ece8403adf76cb9843e7f48f20eb3a15012127b9aef073b3cb4d37
    Size: 384 bytes
    Keys: protocol, origin, identity_nodes, constants

  symbolic_map_CY_kappa.json:
    SHA256: 93cba480edeba27dac742d7db98a2d44804f558ecd87fae100fb6327baa96750
    Size: 2468 bytes

  ultimate_unification.json:
    SHA256: fbedcd5ee7988a431cf0ac4f9c0d56f4dfc9368caa0544eacccfa7b7230b8e30
    Size: 5200 bytes

  requirements.txt:
    SHA256: 2ae104a440dea2a4a86c9c0e06bb15cfb0f6e320114fdee21bb7b12f55e0313f
    Size: 146 bytes

================================================================================
SECTION 7: UNIVERSAL CONSTANTS AND SEEDS
================================================================================

QCAL ∞³ Universal Constants:

  f0 = 141.7001
  limit_nfts = 88
  resonance = 888
  r66 = 108

Key frequencies and values:
  f₀ = 141.7001 Hz (fundamental QCAL frequency)
  κ_Π = 2.5773302292 (Calabi-Yau geometric constant)
  σ_detection = 18.2 (detection significance for GW150914/250114)

Random Seeds:
  Default NumPy seed: None (explicitly set in scripts if needed)
  Note: For reproducible results, scripts should set: np.random.seed(42)

================================================================================
SECTION 8: BUILD AND VERIFICATION COMMANDS
================================================================================

Python environment setup:
  pip install -r requirements.txt

Lean 4 build (requires elan/Lean 4 installation):
  lake build
  lake exe pnp

Test execution:
  ./run_all_tests.sh          # Comprehensive Python test suite
  python3 simple_demo.py       # Quick demonstration
  ./verify_build.sh            # Lean project verification

Key validations:
  python3 validate_qcal_pi.py                    # QCAL π theorem
  python3 verify_kappa.py                        # κ_Π verification
  python3 holographic_verification.py            # Holographic proof
  python3 kappa_verification.py                  # Calabi-Yau validation

================================================================================
SECTION 9: QCAL ∞³ ECOSYSTEM REPOSITORIES
================================================================================

Related repositories for complete context:

  1. motanova84/P-NP
     Role: Complexity theory resolution
     Key: κ_Π = 2.5773, treewidth-IC framework

  2. motanova84/141hz
     Role: GW150914/GW250114 analysis at 141.7001 Hz
     Key: Universal frequency detection

  3. motanova84/Riemann-adelic
     Role: Quantum geometry and zeta function
     Key: Spectral proof framework

  4. motanova84/adelic-bsd
     Role: Arithmetic compatibility
     Key: Birch-Swinnerton-Dyer connections

  5. motanova84/3D-Navier-Stokes
     Role: Fluid dynamics and millennium problem
     Key: Dimensional analysis

  6. motanova84/Ramsey
     Role: SAT verification and R(6,6)=108
     Key: Combinatorial validation

  7. motanova84/economia-qcal-nodo-semilla
     Role: QCAL economy and πCODE
     Key: Economic coherence framework

Note: All repositories share the QCAL ∞³ protocol and use
      consistent constants (f₀, κ_Π, etc.) for cross-validation.

================================================================================
SECTION 10: EXTERNAL VERIFICATION PROCEDURE
================================================================================

For auditors and reviewers to reproduce results:

1. System Setup:
   - Install Ubuntu 24.04 LTS (or compatible Linux distribution)
   - Install Python 3.12.3 or compatible version
   - Install GCC 13.3.0 or compatible C/C++ compiler

2. Clone Repository:
   git clone https://github.com/motanova84/P-NP.git
   cd P-NP
   git checkout 427788585961471a552a33b9302d546908286304

3. Install Python Dependencies:
   pip3 install -r requirements.txt
   # Verify with: pip3 freeze > /tmp/check.txt
   # Compare SHA256: e9b59f27a08f7cb241aefda7198fee6a9b877b2f745296562db14178c417b257

4. Install Lean 4 (optional, for formal verification):
   curl https://raw.githubusercontent.com/leanprover/elan/master/elan-init.sh -sSf | sh
   export PATH="$HOME/.elan/bin:$PATH"
   lake build

5. Verify Configuration Files:
   # Check SHA256 checksums of configuration files listed in Section 6
   sha256sum coherence_map.json CORE_SYMBIO.json

6. Run Tests:
   ./run_all_tests.sh
   python3 simple_demo.py

7. Validate Key Results:
   python3 kappa_verification.py  # Should confirm κ_Π ≈ 2.5773
   python3 validate_qcal_pi.py    # Should validate QCAL π theorem
   python3 holographic_verification.py  # Should verify holographic proof

Expected outcomes:
  - 141.7001 Hz frequency detection reproduced
  - κ_Π = 2.5773302292 constant verified across 150 CY manifolds
  - Lean 4 proofs compile without 'sorry' axioms
  - All tests pass with consistent results

================================================================================
END OF ENV.lock
================================================================================

This file serves as the 'reality hash' for QCAL ∞³ reproducibility.
Any modification to the environment should be reflected here.

For questions or verification issues, contact: motanova84
Generated by: generate_env_lock.py
Timestamp: 2026-01-18T06:05:43.868722+00:00Z
